
Microsoft Visual Studio Solution File, Format Version 12.00
# Visual Studio Version 17
VisualStudioVersion = 17.10.35013.160
MinimumVisualStudioVersion = 10.0.40219.1
Project("{FAE04EC0-301F-11D3-BF4B-00C04F79EFBC}") = "NecroObfuscator", "NecroObfuscator\NecroObfuscator.csproj", "{590637DA-38DC-4403-B5F3-4AB9ABCDBE41}"
EndProject
Global
	GlobalSection(SolutionConfigurationPlatforms) = preSolution
		Debug|Any CPU = Debug|Any CPU
		Release|Any CPU = Release|Any CPU
	EndGlobalSection
	GlobalSection(ProjectConfigurationPlatforms) = postSolution
		{590637DA-38DC-4403-B5F3-4AB9ABCDBE41}.Debug|Any CPU.ActiveCfg = Debug|Any CPU
		{590637DA-38DC-4403-B5F3-4AB9ABCDBE41}.Debug|Any CPU.Build.0 = Debug|Any CPU
		{590637DA-38DC-4403-B5F3-4AB9ABCDBE41}.Release|Any CPU.ActiveCfg = Release|Any CPU
		{590637DA-38DC-4403-B5F3-4AB9ABCDBE41}.Release|Any CPU.Build.0 = Release|Any CPU
	EndGlobalSection
	GlobalSection(SolutionProperties) = preSolution
		HideSolutionNode = FALSE
	EndGlobalSection
	GlobalSection(ExtensibilityGlobals) = postSolution
		SolutionGuid = {6D67997B-F3FB-4C7D-B5C5-6A82E46377A0}
	EndGlobalSection
EndGlobal
